
Microsoft Visual Studio Solution File, Format Version 11.00
# Visual Studio 2010
Project("{FAE04EC0-301F-11D3-BF4B-00C04F79EFBC}") = "Assembly-CSharp", "Assembly-CSharp.csproj", "{B1C1C8BE-7FE0-C7E9-EACB-AB10ED2940C9}"
EndProject
Project("{FAE04EC0-301F-11D3-BF4B-00C04F79EFBC}") = "Assembly-CSharp-Editor", "Assembly-CSharp-Editor.csproj", "{27A2BB23-BAE0-9401-8432-E5788782276E}"
EndProject
Global
	GlobalSection(SolutionConfigurationPlatforms) = preSolution
		Debug|Any CPU = Debug|Any CPU
		Release|Any CPU = Release|Any CPU
	EndGlobalSection
	GlobalSection(ProjectConfigurationPlatforms) = postSolution
		{B1C1C8BE-7FE0-C7E9-EACB-AB10ED2940C9}.Debug|Any CPU.ActiveCfg = Debug|Any CPU
		{B1C1C8BE-7FE0-C7E9-EACB-AB10ED2940C9}.Debug|Any CPU.Build.0 = Debug|Any CPU
		{B1C1C8BE-7FE0-C7E9-EACB-AB10ED2940C9}.Release|Any CPU.ActiveCfg = Release|Any CPU
		{B1C1C8BE-7FE0-C7E9-EACB-AB10ED2940C9}.Release|Any CPU.Build.0 = Release|Any CPU
		{27A2BB23-BAE0-9401-8432-E5788782276E}.Debug|Any CPU.ActiveCfg = Debug|Any CPU
		{27A2BB23-BAE0-9401-8432-E5788782276E}.Debug|Any CPU.Build.0 = Debug|Any CPU
		{27A2BB23-BAE0-9401-8432-E5788782276E}.Release|Any CPU.ActiveCfg = Release|Any CPU
		{27A2BB23-BAE0-9401-8432-E5788782276E}.Release|Any CPU.Build.0 = Release|Any CPU
	EndGlobalSection
	GlobalSection(SolutionProperties) = preSolution
		HideSolutionNode = FALSE
	EndGlobalSection
EndGlobal
